{
    "name": "cme-comments-service",
    "version": "1.0.0",
    "lockfileVersion": 2,
    "requires": true,
    "packages": {
        "": {
            "name": "cme-comments-service",
            "version": "1.0.0",
            "license": "MIT",
            "dependencies": {
                "lambda-micro": "1.0.1"
            }
        },
        "node_modules/ajv": {
            "version": "6.12.6",
            "resolved": "https://registry.npmjs.org/ajv/-/ajv-6.12.6.tgz",
            "integrity": "sha512-j3fVLgvTo527anyYyJOGTYJbG+vnnQYvE0m5mmkc1TK+nxAppkCLMIL0aZ4dblVCNoGShhm+kzE4ZUykBoMg4g==",
            "dependencies": {
                "fast-deep-equal": "^3.1.1",
                "fast-json-stable-stringify": "^2.0.0",
                "json-schema-traverse": "^0.4.1",
                "uri-js": "^4.2.2"
            },
            "funding": {
                "type": "github",
                "url": "https://github.com/sponsors/epoberezkin"
            }
        },
        "node_modules/busboy": {
            "version": "0.3.1",
            "resolved": "https://registry.npmjs.org/busboy/-/busboy-0.3.1.tgz",
            "integrity": "sha512-y7tTxhGKXcyBxRKAni+awqx8uqaJKrSFSNFSeRG5CsWNdmy2BIK+6VGWEW7TZnIO/533mtMEA4rOevQV815YJw==",
            "dependencies": {
                "dicer": "0.3.0"
            },
            "engines": {
                "node": ">=4.5.0"
            }
        },
        "node_modules/dicer": {
            "version": "0.3.0",
            "resolved": "https://registry.npmjs.org/dicer/-/dicer-0.3.0.tgz",
            "integrity": "sha512-MdceRRWqltEG2dZqO769g27N/3PXfcKl04VhYnBlo2YhH7zPi88VebsjTKclaOyiuMaGU72hTfw3VkUitGcVCA==",
            "dependencies": {
                "streamsearch": "0.1.2"
            },
            "engines": {
                "node": ">=4.5.0"
            }
        },
        "node_modules/fast-deep-equal": {
            "version": "3.1.3",
            "resolved": "https://registry.npmjs.org/fast-deep-equal/-/fast-deep-equal-3.1.3.tgz",
            "integrity": "sha512-f3qQ9oQy9j2AhBe/H9VC91wLmKBCCU/gDOnKNAYG5hswO7BLKj09Hc5HYNz9cGI++xlpDCIgDaitVs03ATR84Q=="
        },
        "node_modules/fast-json-stable-stringify": {
            "version": "2.1.0",
            "resolved": "https://registry.npmjs.org/fast-json-stable-stringify/-/fast-json-stable-stringify-2.1.0.tgz",
            "integrity": "sha512-lhd/wF+Lk98HZoTCtlVraHtfh5XYijIjalXck7saUtuanSDyLMxnHhSXEDJqHxD7msR8D0uCmqlkwjCV8xvwHw=="
        },
        "node_modules/json-schema-traverse": {
            "version": "0.4.1",
            "resolved": "https://registry.npmjs.org/json-schema-traverse/-/json-schema-traverse-0.4.1.tgz",
            "integrity": "sha512-xbbCH5dCYU5T8LcEhhuh7HJ88HXuW3qsI3Y0zOZFKfZEHcpWiHU/Jxzk629Brsab/mMiHQti9wMP+845RPe3Vg=="
        },
        "node_modules/lambda-micro": {
            "version": "1.0.1",
            "resolved": "https://registry.npmjs.org/lambda-micro/-/lambda-micro-1.0.1.tgz",
            "integrity": "sha512-BMOJY6cT/tV+9YdVur0K+imnDEuuURsfHHYawvlSODO17xmYrjCeNiHJsDWLpZxV/XId6MZXW+btyfdlP/80GQ==",
            "dependencies": {
                "ajv": "^6.12.6",
                "busboy": "^0.3.1",
                "url-pattern": "^1.0.3"
            },
            "engines": {
                "node": ">=12"
            }
        },
        "node_modules/punycode": {
            "version": "2.3.0",
            "resolved": "https://registry.npmjs.org/punycode/-/punycode-2.3.0.tgz",
            "integrity": "sha512-rRV+zQD8tVFys26lAGR9WUuS4iUAngJScM+ZRSKtvl5tKeZ2t5bvdNFdNHBW9FWR4guGHlgmsZ1G7BSm2wTbuA==",
            "engines": {
                "node": ">=6"
            }
        },
        "node_modules/streamsearch": {
            "version": "0.1.2",
            "resolved": "https://registry.npmjs.org/streamsearch/-/streamsearch-0.1.2.tgz",
            "integrity": "sha512-jos8u++JKm0ARcSUTAZXOVC0mSox7Bhn6sBgty73P1f3JGf7yG2clTbBNHUdde/kdvP2FESam+vM6l8jBrNxHA==",
            "engines": {
                "node": ">=0.8.0"
            }
        },
        "node_modules/uri-js": {
            "version": "4.4.1",
            "resolved": "https://registry.npmjs.org/uri-js/-/uri-js-4.4.1.tgz",
            "integrity": "sha512-7rKUyy33Q1yc98pQ1DAmLtwX109F7TIfWlW1Ydo8Wl1ii1SeHieeh0HHfPeL2fMXK6z0s8ecKs9frCuLJvndBg==",
            "dependencies": {
                "punycode": "^2.1.0"
            }
        },
        "node_modules/url-pattern": {
            "version": "1.0.3",
            "resolved": "https://registry.npmjs.org/url-pattern/-/url-pattern-1.0.3.tgz",
            "integrity": "sha512-uQcEj/2puA4aq1R3A2+VNVBgaWYR24FdWjl7VNW83rnWftlhyzOZ/tBjezRiC2UkIzuxC8Top3IekN3vUf1WxA==",
            "engines": {
                "node": ">=0.12.0"
            }
        }
    },
    "dependencies": {
        "ajv": {
            "version": "6.12.6",
            "resolved": "https://registry.npmjs.org/ajv/-/ajv-6.12.6.tgz",
            "integrity": "sha512-j3fVLgvTo527anyYyJOGTYJbG+vnnQYvE0m5mmkc1TK+nxAppkCLMIL0aZ4dblVCNoGShhm+kzE4ZUykBoMg4g==",
            "requires": {
                "fast-deep-equal": "^3.1.1",
                "fast-json-stable-stringify": "^2.0.0",
                "json-schema-traverse": "^0.4.1",
                "uri-js": "^4.2.2"
            }
        },
        "busboy": {
            "version": "0.3.1",
            "resolved": "https://registry.npmjs.org/busboy/-/busboy-0.3.1.tgz",
            "integrity": "sha512-y7tTxhGKXcyBxRKAni+awqx8uqaJKrSFSNFSeRG5CsWNdmy2BIK+6VGWEW7TZnIO/533mtMEA4rOevQV815YJw==",
            "requires": {
                "dicer": "0.3.0"
            }
        },
        "dicer": {
            "version": "0.3.0",
            "resolved": "https://registry.npmjs.org/dicer/-/dicer-0.3.0.tgz",
            "integrity": "sha512-MdceRRWqltEG2dZqO769g27N/3PXfcKl04VhYnBlo2YhH7zPi88VebsjTKclaOyiuMaGU72hTfw3VkUitGcVCA==",
            "requires": {
                "streamsearch": "0.1.2"
            }
        },
        "fast-deep-equal": {
            "version": "3.1.3",
            "resolved": "https://registry.npmjs.org/fast-deep-equal/-/fast-deep-equal-3.1.3.tgz",
            "integrity": "sha512-f3qQ9oQy9j2AhBe/H9VC91wLmKBCCU/gDOnKNAYG5hswO7BLKj09Hc5HYNz9cGI++xlpDCIgDaitVs03ATR84Q=="
        },
        "fast-json-stable-stringify": {
            "version": "2.1.0",
            "resolved": "https://registry.npmjs.org/fast-json-stable-stringify/-/fast-json-stable-stringify-2.1.0.tgz",
            "integrity": "sha512-lhd/wF+Lk98HZoTCtlVraHtfh5XYijIjalXck7saUtuanSDyLMxnHhSXEDJqHxD7msR8D0uCmqlkwjCV8xvwHw=="
        },
        "json-schema-traverse": {
            "version": "0.4.1",
            "resolved": "https://registry.npmjs.org/json-schema-traverse/-/json-schema-traverse-0.4.1.tgz",
            "integrity": "sha512-xbbCH5dCYU5T8LcEhhuh7HJ88HXuW3qsI3Y0zOZFKfZEHcpWiHU/Jxzk629Brsab/mMiHQti9wMP+845RPe3Vg=="
        },
        "lambda-micro": {
            "version": "1.0.1",
            "resolved": "https://registry.npmjs.org/lambda-micro/-/lambda-micro-1.0.1.tgz",
            "integrity": "sha512-BMOJY6cT/tV+9YdVur0K+imnDEuuURsfHHYawvlSODO17xmYrjCeNiHJsDWLpZxV/XId6MZXW+btyfdlP/80GQ==",
            "requires": {
                "ajv": "^6.12.6",
                "busboy": "^0.3.1",
                "url-pattern": "^1.0.3"
            }
        },
        "punycode": {
            "version": "2.3.0",
            "resolved": "https://registry.npmjs.org/punycode/-/punycode-2.3.0.tgz",
            "integrity": "sha512-rRV+zQD8tVFys26lAGR9WUuS4iUAngJScM+ZRSKtvl5tKeZ2t5bvdNFdNHBW9FWR4guGHlgmsZ1G7BSm2wTbuA=="
        },
        "streamsearch": {
            "version": "0.1.2",
            "resolved": "https://registry.npmjs.org/streamsearch/-/streamsearch-0.1.2.tgz",
            "integrity": "sha512-jos8u++JKm0ARcSUTAZXOVC0mSox7Bhn6sBgty73P1f3JGf7yG2clTbBNHUdde/kdvP2FESam+vM6l8jBrNxHA=="
        },
        "uri-js": {
            "version": "4.4.1",
            "resolved": "https://registry.npmjs.org/uri-js/-/uri-js-4.4.1.tgz",
            "integrity": "sha512-7rKUyy33Q1yc98pQ1DAmLtwX109F7TIfWlW1Ydo8Wl1ii1SeHieeh0HHfPeL2fMXK6z0s8ecKs9frCuLJvndBg==",
            "requires": {
                "punycode": "^2.1.0"
            }
        },
        "url-pattern": {
            "version": "1.0.3",
            "resolved": "https://registry.npmjs.org/url-pattern/-/url-pattern-1.0.3.tgz",
            "integrity": "sha512-uQcEj/2puA4aq1R3A2+VNVBgaWYR24FdWjl7VNW83rnWftlhyzOZ/tBjezRiC2UkIzuxC8Top3IekN3vUf1WxA=="
        }
    }
}
